
Microsoft Visual Studio Solution File, Format Version 12.00
# Visual Studio Version 16
VisualStudioVersion = 16.0.31702.278
MinimumVisualStudioVersion = 10.0.40219.1
Project("{FAE04EC0-301F-11D3-BF4B-00C04F79EFBC}") = "InstallHelp", "InstallHelp\InstallHelp.csproj", "{D4F2C6A0-8A66-466C-8B0D-59E0669EBFFC}"
EndProject
Global
	GlobalSection(SolutionConfigurationPlatforms) = preSolution
		Debug|Any CPU = Debug|Any CPU
		Release|Any CPU = Release|Any CPU
	EndGlobalSection
	GlobalSection(ProjectConfigurationPlatforms) = postSolution
		{D4F2C6A0-8A66-466C-8B0D-59E0669EBFFC}.Debug|Any CPU.ActiveCfg = Debug|Any CPU
		{D4F2C6A0-8A66-466C-8B0D-59E0669EBFFC}.Debug|Any CPU.Build.0 = Debug|Any CPU
		{D4F2C6A0-8A66-466C-8B0D-59E0669EBFFC}.Release|Any CPU.ActiveCfg = Release|Any CPU
		{D4F2C6A0-8A66-466C-8B0D-59E0669EBFFC}.Release|Any CPU.Build.0 = Release|Any CPU
	EndGlobalSection
	GlobalSection(SolutionProperties) = preSolution
		HideSolutionNode = FALSE
	EndGlobalSection
	GlobalSection(ExtensibilityGlobals) = postSolution
		SolutionGuid = {01FA66A4-3EAB-4D03-AE50-15141F6401FB}
	EndGlobalSection
EndGlobal
